
Microsoft Visual Studio Solution File, Format Version 12.00
# Visual Studio 15
VisualStudioVersion = 15.0.33801.198
MinimumVisualStudioVersion = 10.0.40219.1
Project("{FAE04EC0-301F-11D3-BF4B-00C04F79EFBC}") = "While_E.WebService", "While_E.WebService\While_E.WebService.csproj", "{C3771DAD-2431-4351-BE1E-6C0675A7C3EC}"
EndProject
Global
	GlobalSection(SolutionConfigurationPlatforms) = preSolution
		Debug|Any CPU = Debug|Any CPU
		Release|Any CPU = Release|Any CPU
	EndGlobalSection
	GlobalSection(ProjectConfigurationPlatforms) = postSolution
		{C3771DAD-2431-4351-BE1E-6C0675A7C3EC}.Debug|Any CPU.ActiveCfg = Debug|Any CPU
		{C3771DAD-2431-4351-BE1E-6C0675A7C3EC}.Debug|Any CPU.Build.0 = Debug|Any CPU
		{C3771DAD-2431-4351-BE1E-6C0675A7C3EC}.Release|Any CPU.ActiveCfg = Release|Any CPU
		{C3771DAD-2431-4351-BE1E-6C0675A7C3EC}.Release|Any CPU.Build.0 = Release|Any CPU
	EndGlobalSection
	GlobalSection(SolutionProperties) = preSolution
		HideSolutionNode = FALSE
	EndGlobalSection
	GlobalSection(ExtensibilityGlobals) = postSolution
		SolutionGuid = {A5F99120-EC5A-4C16-9F4D-16DE823BE950}
	EndGlobalSection
EndGlobal
